<?xml version="1.0" encoding="utf-8"?>
<Project ToolsVersion="4.0" xmlns="http://schemas.microsoft.com/developer/msbuild/2003">
  <ItemGroup>
    <Filter Include="Source Files">
      <UniqueIdentifier>{4FC737F1-C7A5-4376-A066-2A32D752A2FF}</UniqueIdentifier>
      <Extensions>cpp;c;cc;cxx;c++;cppm;ixx;def;odl;idl;hpj;bat;asm;asmx</Extensions>
    </Filter>
    <Filter Include="Header Files">
      <UniqueIdentifier>{93995380-89BD-4b04-88EB-625FBE52EBFB}</UniqueIdentifier>
      <Extensions>h;hh;hpp;hxx;h++;hm;inl;inc;ipp;xsd</Extensions>
    </Filter>
    <Filter Include="Resource Files">
      <UniqueIdentifier>{67DA6AB6-F800-4c08-8B7A-83BB121AAD01}</UniqueIdentifier>
      <Extensions>rc;ico;cur;bmp;dlg;rc2;rct;bin;rgs;gif;jpg;jpeg;jpe;resx;tiff;tif;png;wav;mfcribbon-ms</Extensions>
    </Filter>
    <Filter Include="Source Files\parsers">
      <UniqueIdentifier>{034e494c-b5ef-49db-913a-aa6d3db9246f}</UniqueIdentifier>
    </Filter>
  </ItemGroup>
  <ItemGroup>
    <ClCompile Include="JsonConverter.cpp">
      <Filter>Source Files</Filter>
    </ClCompile>
    <ClCompile Include="parsers\pressure_conform_parser.cpp">
      <Filter>Source Files</Filter>
    </ClCompile>
    <ClCompile Include="parsers\ring_forces_parser.cpp">
      <Filter>Source Files</Filter>
    </ClCompile>
    <ClCompile Include="factory\parser_factory.cpp">
      <Filter>Source Files</Filter>
    </ClCompile>
    <ClCompile Include="builders\json_builder.cpp">
      <Filter>Source Files</Filter>
    </ClCompile>
    <ClCompile Include="parsers\parser_face_wear.cpp">
      <Filter>Source Files</Filter>
    </ClCompile>
    <ClCompile Include="parsers\PositionConformParser.cpp">
      <Filter>Source Files</Filter>
    </ClCompile>
    <ClCompile Include="parsers\FaceClearanceConformParser.cpp">
      <Filter>Source Files</Filter>
    </ClCompile>
    <ClCompile Include="parsers\StrainEnergyConformParser.cpp">
      <Filter>Source Files</Filter>
    </ClCompile>
  </ItemGroup>
  <ItemGroup>
    <None Include="file_detector.ch">
      <Filter>Source Files</Filter>
    </None>
  </ItemGroup>
  <ItemGroup>
    <ClInclude Include="builders\json_builder.h">
      <Filter>Header Files</Filter>
    </ClInclude>
    <ClInclude Include="parsers\base_parser.h">
      <Filter>Header Files</Filter>
    </ClInclude>
    <ClInclude Include="utils\file_utils.h">
      <Filter>Header Files</Filter>
    </ClInclude>
    <ClInclude Include="registry\parser_registry.h">
      <Filter>Header Files</Filter>
    </ClInclude>
    <ClInclude Include="config\file_type.h">
      <Filter>Header Files</Filter>
    </ClInclude>
    <ClInclude Include="models\plot_data.h">
      <Filter>Header Files</Filter>
    </ClInclude>
    <ClInclude Include="parsers\ring_forces_parser.h">
      <Filter>Header Files</Filter>
    </ClInclude>
    <ClInclude Include="factory\parser_factory.h">
      <Filter>Header Files</Filter>
    </ClInclude>
    <ClInclude Include="parsers\parser_face_wear.h">
      <Filter>Header Files</Filter>
    </ClInclude>
    <ClInclude Include="parsers\pressure_conform_parser.h">
      <Filter>Header Files</Filter>
    </ClInclude>
    <ClInclude Include="parsers\PositionConformParser.h">
      <Filter>Header Files</Filter>
    </ClInclude>
    <ClInclude Include="parsers\FaceClearanceConformParser.h">
      <Filter>Header Files</Filter>
    </ClInclude>
    <ClInclude Include="parsers\StrainEnergyConformParser.h">
      <Filter>Header Files</Filter>
    </ClInclude>
  </ItemGroup>
  <ItemGroup>
    <Text Include="CMakeLists.txt" />
  </ItemGroup>
</Project>